
Microsoft Visual Studio Solution File, Format Version 12.00
# Visual Studio Version 16
VisualStudioVersion = 16.0.31005.135
MinimumVisualStudioVersion = 10.0.40219.1
Project("{8BC9CEB8-8B4A-11D0-8D11-00A0C91BC942}") = "core-asm", "core-asm\core-asm.vcxproj", "{7BEBD546-61B4-4D53-89B2-4F5BC69A2099}"
EndProject
Project("{8BC9CEB8-8B4A-11D0-8D11-00A0C91BC942}") = "emulator", "emulator\emulator.vcxproj", "{E0B7F3E8-EE70-40E0-8389-B34560605D17}"
EndProject
Project("{8BC9CEB8-8B4A-11D0-8D11-00A0C91BC942}") = "core-cxx", "core-cxx\core-cxx.vcxproj", "{5FDAA43D-EC58-423E-9369-E9612F5F98BD}"
EndProject
Global
	GlobalSection(SolutionConfigurationPlatforms) = preSolution
		Debug|x64 = Debug|x64
		Debug|x86 = Debug|x86
		Release|x64 = Release|x64
		Release|x86 = Release|x86
	EndGlobalSection
	GlobalSection(ProjectConfigurationPlatforms) = postSolution
		{7BEBD546-61B4-4D53-89B2-4F5BC69A2099}.Debug|x64.ActiveCfg = Debug|x64
		{7BEBD546-61B4-4D53-89B2-4F5BC69A2099}.Debug|x64.Build.0 = Debug|x64
		{7BEBD546-61B4-4D53-89B2-4F5BC69A2099}.Debug|x86.ActiveCfg = Debug|Win32
		{7BEBD546-61B4-4D53-89B2-4F5BC69A2099}.Debug|x86.Build.0 = Debug|Win32
		{7BEBD546-61B4-4D53-89B2-4F5BC69A2099}.Release|x64.ActiveCfg = Release|x64
		{7BEBD546-61B4-4D53-89B2-4F5BC69A2099}.Release|x64.Build.0 = Release|x64
		{7BEBD546-61B4-4D53-89B2-4F5BC69A2099}.Release|x86.ActiveCfg = Release|Win32
		{7BEBD546-61B4-4D53-89B2-4F5BC69A2099}.Release|x86.Build.0 = Release|Win32
		{E0B7F3E8-EE70-40E0-8389-B34560605D17}.Debug|x64.ActiveCfg = Debug|x64
		{E0B7F3E8-EE70-40E0-8389-B34560605D17}.Debug|x64.Build.0 = Debug|x64
		{E0B7F3E8-EE70-40E0-8389-B34560605D17}.Debug|x86.ActiveCfg = Debug|Win32
		{E0B7F3E8-EE70-40E0-8389-B34560605D17}.Debug|x86.Build.0 = Debug|Win32
		{E0B7F3E8-EE70-40E0-8389-B34560605D17}.Release|x64.ActiveCfg = Release|x64
		{E0B7F3E8-EE70-40E0-8389-B34560605D17}.Release|x64.Build.0 = Release|x64
		{E0B7F3E8-EE70-40E0-8389-B34560605D17}.Release|x86.ActiveCfg = Release|Win32
		{E0B7F3E8-EE70-40E0-8389-B34560605D17}.Release|x86.Build.0 = Release|Win32
		{5FDAA43D-EC58-423E-9369-E9612F5F98BD}.Debug|x64.ActiveCfg = Debug|x64
		{5FDAA43D-EC58-423E-9369-E9612F5F98BD}.Debug|x64.Build.0 = Debug|x64
		{5FDAA43D-EC58-423E-9369-E9612F5F98BD}.Debug|x86.ActiveCfg = Debug|Win32
		{5FDAA43D-EC58-423E-9369-E9612F5F98BD}.Debug|x86.Build.0 = Debug|Win32
		{5FDAA43D-EC58-423E-9369-E9612F5F98BD}.Release|x64.ActiveCfg = Release|x64
		{5FDAA43D-EC58-423E-9369-E9612F5F98BD}.Release|x64.Build.0 = Release|x64
		{5FDAA43D-EC58-423E-9369-E9612F5F98BD}.Release|x86.ActiveCfg = Release|Win32
		{5FDAA43D-EC58-423E-9369-E9612F5F98BD}.Release|x86.Build.0 = Release|Win32
	EndGlobalSection
	GlobalSection(SolutionProperties) = preSolution
		HideSolutionNode = FALSE
	EndGlobalSection
	GlobalSection(ExtensibilityGlobals) = postSolution
		SolutionGuid = {047698AF-6107-4CB9-9EA4-CC1B70EE8D8F}
	EndGlobalSection
EndGlobal
