<?xml version="1.0" encoding="utf-8"?>
<Project ToolsVersion="4.0" xmlns="http://schemas.microsoft.com/developer/msbuild/2003">
  <ItemGroup>
    <Filter Include="Source Files">
      <UniqueIdentifier>{4FC737F1-C7A5-4376-A066-2A32D752A2FF}</UniqueIdentifier>
      <Extensions>cpp;c;cc;cxx;c++;cppm;ixx;def;odl;idl;hpj;bat;asm;asmx</Extensions>
    </Filter>
    <Filter Include="Header Files">
      <UniqueIdentifier>{93995380-89BD-4b04-88EB-625FBE52EBFB}</UniqueIdentifier>
      <Extensions>h;hh;hpp;hxx;h++;hm;inl;inc;ipp;xsd</Extensions>
    </Filter>
    <Filter Include="Resource Files">
      <UniqueIdentifier>{67DA6AB6-F800-4c08-8B7A-83BB121AAD01}</UniqueIdentifier>
      <Extensions>rc;ico;cur;bmp;dlg;rc2;rct;bin;rgs;gif;jpg;jpeg;jpe;resx;tiff;tif;png;wav;mfcribbon-ms</Extensions>
    </Filter>
    <Filter Include="Source Files\language-support">
      <UniqueIdentifier>{997e6647-1c78-4d55-92d4-221ef8642454}</UniqueIdentifier>
    </Filter>
    <Filter Include="Header Files\include">
      <UniqueIdentifier>{46c0a55a-1448-4c7d-998b-d800e0f0f8db}</UniqueIdentifier>
    </Filter>
    <Filter Include="Source Files\language-support\cstdlib">
      <UniqueIdentifier>{9b236695-7111-4b5d-96ca-e35fae8d0f0e}</UniqueIdentifier>
    </Filter>
  </ItemGroup>
  <ItemGroup>
    <None Include="include\config">
      <Filter>Header Files\include</Filter>
    </None>
    <None Include="include\cstddef">
      <Filter>Header Files\include</Filter>
    </None>
  </ItemGroup>
  <ItemGroup>
    <ClInclude Include="include\cstdlib">
      <Filter>Header Files\include</Filter>
    </ClInclude>
  </ItemGroup>
  <ItemGroup>
    <ClCompile Include="language-support\cstdlib\abort.cpp">
      <Filter>Source Files\language-support\cstdlib</Filter>
    </ClCompile>
    <ClCompile Include="language-support\cstdlib\cstdlib.cpp">
      <Filter>Source Files\language-support\cstdlib</Filter>
    </ClCompile>
    <ClCompile Include="language-support\cstdlib\math.cpp">
      <Filter>Source Files\language-support\cstdlib</Filter>
    </ClCompile>
    <ClCompile Include="language-support\cstdlib\memory.cpp">
      <Filter>Source Files\language-support\cstdlib</Filter>
    </ClCompile>
    <ClCompile Include="language-support\cstdlib\string.cpp">
      <Filter>Source Files\language-support\cstdlib</Filter>
    </ClCompile>
  </ItemGroup>
</Project>